{
  "version": "5",
  "remote": {
    "https://edge.netlify.com/": "fd941d61d88673d5f28aab283fb86fcc50f08a3bc80ee5470498fcfa88c65cfb",
    "https://edge.netlify.com/bootstrap/config.ts": "6a2ce0e544e15e8f8883a5c18da5948e37fd0f2619f68cb31f3af53c51817025",
    "https://edge.netlify.com/bootstrap/context.ts": "e97240232121e2f369f6546ce961490f34d961ea1ea54be3ff09633e3f08373f",
    "https://edge.netlify.com/bootstrap/cookie.ts": "8b0baae708989ca183c6f3b4ab3d029e6abcbc2e43f93edeb0ff447b3bbc3a05",
    "https://edge.netlify.com/bootstrap/edge_function.ts": "b8253e86aa83c67341f5cfedeba5049d77fbf84dcab7eceff7566b7728ae9b39",
    "https://edge.netlify.com/bootstrap/globals/types.ts": "eaa6148ded3121d8dee62dd91c86e7fe76601df0f3ca8d7962243a30f4c8935f"
  },
  "workspace": {
    "packageJson": {
      "dependencies": [
        "npm:@eslint/compat@2",
        "npm:@eslint/js@^9.39.2",
        "npm:@farcaster/miniapp-sdk@~0.2.1",
        "npm:@farcaster/miniapp-wagmi-connector@^1.1.0",
        "npm:@latticexyz/common@2.2.23-94cac741be24bb5743f2f36235cc3bb40012417a",
        "npm:@latticexyz/dev-tools@2.2.23-94cac741be24bb5743f2f36235cc3bb40012417a",
        "npm:@latticexyz/recs@2.2.23-94cac741be24bb5743f2f36235cc3bb40012417a",
        "npm:@latticexyz/schema-type@2.2.23-94cac741be24bb5743f2f36235cc3bb40012417a",
        "npm:@latticexyz/store-sync@2.2.23-94cac741be24bb5743f2f36235cc3bb40012417a",
        "npm:@latticexyz/utils@2.2.23-94cac741be24bb5743f2f36235cc3bb40012417a",
        "npm:@latticexyz/world@2.2.23-94cac741be24bb5743f2f36235cc3bb40012417a",
        "npm:@netlify/edge-functions@^3.0.2",
        "npm:@sanity/client@^7.13.2",
        "npm:@sanity/image-url@^2.0.2",
        "npm:@sentry/sveltekit@^10.32.1",
        "npm:@sveltejs/adapter-static@^3.0.10",
        "npm:@sveltejs/enhanced-img@~0.9.2",
        "npm:@sveltejs/kit@^2.49.3",
        "npm:@sveltejs/vite-plugin-svelte@^6.2.1",
        "npm:@types/d3-array@^3.2.2",
        "npm:@types/d3-scale@^4.0.9",
        "npm:@types/d3-shape@^3.1.7",
        "npm:@types/howler@^2.2.12",
        "npm:@wagmi/core@2.22.1",
        "npm:d3-array@^3.2.4",
        "npm:d3-scale@^4.0.2",
        "npm:d3-shape@^3.2.0",
        "npm:date-fns@^4.1.0",
        "npm:eslint-config-prettier@^10.1.8",
        "npm:eslint-plugin-svelte@^3.13.1",
        "npm:eslint@^9.39.2",
        "npm:globals@^16.5.0",
        "npm:gsap@^3.14.2",
        "npm:howler@^2.2.4",
        "npm:rollup-plugin-visualizer@^6.0.5",
        "npm:rxjs@^7.8.2",
        "npm:sass-embedded@^1.97.1",
        "npm:svelte-check@^4.3.4",
        "npm:svelte-tippy@^1.3.2",
        "npm:svelte@^5.46.1",
        "npm:textfilljs@1.0.3-a",
        "npm:tippy.js@^6.3.7",
        "npm:typescript-eslint@^8.50.1",
        "npm:uuid@13",
        "npm:viem@2.39.0",
        "npm:vite-plugin-devtools-json@1",
        "npm:vite@^7.3.1",
        "npm:wagmi@^2.19.4"
      ]
    }
  }
}
